
Microsoft Visual Studio Solution File, Format Version 12.00
# Visual Studio Version 16
VisualStudioVersion = 16.0.32228.343
MinimumVisualStudioVersion = 10.0.40219.1
Project("{FAE04EC0-301F-11D3-BF4B-00C04F79EFBC}") = "GuessTheNumber", "GuessTheNumber\GuessTheNumber.csproj", "{989B534E-BB79-40C8-B509-1438B830558E}"
EndProject
Global
	GlobalSection(SolutionConfigurationPlatforms) = preSolution
		Debug|Any CPU = Debug|Any CPU
		Release|Any CPU = Release|Any CPU
	EndGlobalSection
	GlobalSection(ProjectConfigurationPlatforms) = postSolution
		{989B534E-BB79-40C8-B509-1438B830558E}.Debug|Any CPU.ActiveCfg = Debug|Any CPU
		{989B534E-BB79-40C8-B509-1438B830558E}.Debug|Any CPU.Build.0 = Debug|Any CPU
		{989B534E-BB79-40C8-B509-1438B830558E}.Release|Any CPU.ActiveCfg = Release|Any CPU
		{989B534E-BB79-40C8-B509-1438B830558E}.Release|Any CPU.Build.0 = Release|Any CPU
	EndGlobalSection
	GlobalSection(SolutionProperties) = preSolution
		HideSolutionNode = FALSE
	EndGlobalSection
	GlobalSection(ExtensibilityGlobals) = postSolution
		SolutionGuid = {978E315E-8B52-4628-91E1-E01CCC78F95C}
	EndGlobalSection
EndGlobal
